
Microsoft Visual Studio Solution File, Format Version 12.00
# Visual Studio Version 16
VisualStudioVersion = 16.0.30413.136
MinimumVisualStudioVersion = 10.0.40219.1
Project("{FAE04EC0-301F-11D3-BF4B-00C04F79EFBC}") = "V8", "V8.csproj", "{A26A2311-88DF-4A4B-81F8-3DB6BC65E396}"
EndProject
Global
	GlobalSection(SolutionConfigurationPlatforms) = preSolution
		Debug|Any CPU = Debug|Any CPU
		Release|Any CPU = Release|Any CPU
	EndGlobalSection
	GlobalSection(ProjectConfigurationPlatforms) = postSolution
		{A26A2311-88DF-4A4B-81F8-3DB6BC65E396}.Debug|Any CPU.ActiveCfg = Debug|Any CPU
		{A26A2311-88DF-4A4B-81F8-3DB6BC65E396}.Debug|Any CPU.Build.0 = Debug|Any CPU
		{A26A2311-88DF-4A4B-81F8-3DB6BC65E396}.Release|Any CPU.ActiveCfg = Release|Any CPU
		{A26A2311-88DF-4A4B-81F8-3DB6BC65E396}.Release|Any CPU.Build.0 = Release|Any CPU
	EndGlobalSection
	GlobalSection(SolutionProperties) = preSolution
		HideSolutionNode = FALSE
	EndGlobalSection
	GlobalSection(ExtensibilityGlobals) = postSolution
		SolutionGuid = {139B0081-E928-401D-8014-FE3E497BE004}
	EndGlobalSection
EndGlobal
